
Microsoft Visual Studio Solution File, Format Version 12.00
# Visual Studio 2012
Project("{E24C65DC-7377-472B-9ABA-BC803B73C61A}") = "pggclient", ".", "{BBB168F6-DC17-48A0-838F-A41AFB2F1BE4}"
	ProjectSection(WebsiteProperties) = preProject
		TargetFrameworkMoniker = ".NETFramework,Version%3Dv4.0"
		Debug.AspNetCompiler.VirtualPath = "/pggclient"
		Debug.AspNetCompiler.PhysicalPath = "..\pggclient\"
		Debug.AspNetCompiler.TargetPath = "PrecompiledWeb\pggclient\"
		Debug.AspNetCompiler.Updateable = "true"
		Debug.AspNetCompiler.ForceOverwrite = "true"
		Debug.AspNetCompiler.FixedNames = "false"
		Debug.AspNetCompiler.Debug = "True"
		Release.AspNetCompiler.VirtualPath = "/pggclient"
		Release.AspNetCompiler.PhysicalPath = "..\pggclient\"
		Release.AspNetCompiler.TargetPath = "PrecompiledWeb\pggclient\"
		Release.AspNetCompiler.Updateable = "true"
		Release.AspNetCompiler.ForceOverwrite = "true"
		Release.AspNetCompiler.FixedNames = "false"
		Release.AspNetCompiler.Debug = "False"
		VWDPort = "55290"
	EndProjectSection
EndProject
Global
	GlobalSection(SolutionConfigurationPlatforms) = preSolution
		Debug|Any CPU = Debug|Any CPU
	EndGlobalSection
	GlobalSection(ProjectConfigurationPlatforms) = postSolution
		{BBB168F6-DC17-48A0-838F-A41AFB2F1BE4}.Debug|Any CPU.ActiveCfg = Debug|Any CPU
		{BBB168F6-DC17-48A0-838F-A41AFB2F1BE4}.Debug|Any CPU.Build.0 = Debug|Any CPU
	EndGlobalSection
	GlobalSection(SolutionProperties) = preSolution
		HideSolutionNode = FALSE
	EndGlobalSection
EndGlobal
